
Microsoft Visual Studio Solution File, Format Version 12.00
# Visual Studio Version 17
VisualStudioVersion = 17.14.36408.4 d17.14
MinimumVisualStudioVersion = 10.0.40219.1
Project("{FAE04EC0-301F-11D3-BF4B-00C04F79EFBC}") = "PresentationLayer", "PresentationLayer\PresentationLayer.csproj", "{F7802BCF-FF92-4ED3-AEB8-8B5C862161D1}"
EndProject
Project("{FAE04EC0-301F-11D3-BF4B-00C04F79EFBC}") = "BusinessLogicLayer", "BusinessLogicLayer\BusinessLogicLayer.csproj", "{0FE64172-907A-4874-8A2E-3445491C480B}"
EndProject
Project("{FAE04EC0-301F-11D3-BF4B-00C04F79EFBC}") = "DataAccessLayer", "DataAccessLayer\DataAccessLayer.csproj", "{7BB88D6D-2B22-4FA6-87E9-0E9C427EDD99}"
EndProject
Global
	GlobalSection(SolutionConfigurationPlatforms) = preSolution
		Debug|Any CPU = Debug|Any CPU
		Release|Any CPU = Release|Any CPU
	EndGlobalSection
	GlobalSection(ProjectConfigurationPlatforms) = postSolution
		{F7802BCF-FF92-4ED3-AEB8-8B5C862161D1}.Debug|Any CPU.ActiveCfg = Debug|Any CPU
		{F7802BCF-FF92-4ED3-AEB8-8B5C862161D1}.Debug|Any CPU.Build.0 = Debug|Any CPU
		{F7802BCF-FF92-4ED3-AEB8-8B5C862161D1}.Release|Any CPU.ActiveCfg = Release|Any CPU
		{F7802BCF-FF92-4ED3-AEB8-8B5C862161D1}.Release|Any CPU.Build.0 = Release|Any CPU
		{0FE64172-907A-4874-8A2E-3445491C480B}.Debug|Any CPU.ActiveCfg = Debug|Any CPU
		{0FE64172-907A-4874-8A2E-3445491C480B}.Debug|Any CPU.Build.0 = Debug|Any CPU
		{0FE64172-907A-4874-8A2E-3445491C480B}.Release|Any CPU.ActiveCfg = Release|Any CPU
		{0FE64172-907A-4874-8A2E-3445491C480B}.Release|Any CPU.Build.0 = Release|Any CPU
		{7BB88D6D-2B22-4FA6-87E9-0E9C427EDD99}.Debug|Any CPU.ActiveCfg = Debug|Any CPU
		{7BB88D6D-2B22-4FA6-87E9-0E9C427EDD99}.Debug|Any CPU.Build.0 = Debug|Any CPU
		{7BB88D6D-2B22-4FA6-87E9-0E9C427EDD99}.Release|Any CPU.ActiveCfg = Release|Any CPU
		{7BB88D6D-2B22-4FA6-87E9-0E9C427EDD99}.Release|Any CPU.Build.0 = Release|Any CPU
	EndGlobalSection
	GlobalSection(SolutionProperties) = preSolution
		HideSolutionNode = FALSE
	EndGlobalSection
	GlobalSection(ExtensibilityGlobals) = postSolution
		SolutionGuid = {009DD87D-2EA5-4E61-A70F-78A52E38137E}
	EndGlobalSection
EndGlobal
